
Microsoft Visual Studio Solution File, Format Version 12.00
# Visual Studio Version 17
VisualStudioVersion = 17.14.36414.22 d17.14
MinimumVisualStudioVersion = 10.0.40219.1
Project("{8BC9CEB8-8B4A-11D0-8D11-00A0C91BC942}") = "ObjectWrapper", "ObjectWrapper\ObjectWrapper.vcxproj", "{478BBC06-EDF6-45F9-BA23-B35643568FA0}"
EndProject
Project("{8BC9CEB8-8B4A-11D0-8D11-00A0C91BC942}") = "SafeAssignment", "SafeAssignment\SafeAssignment.vcxproj", "{21F58F2E-C4BA-4DBA-B16F-86F90B284A0C}"
EndProject
Global
	GlobalSection(SolutionConfigurationPlatforms) = preSolution
		Debug|x64 = Debug|x64
		Debug|x86 = Debug|x86
		Release|x64 = Release|x64
		Release|x86 = Release|x86
	EndGlobalSection
	GlobalSection(ProjectConfigurationPlatforms) = postSolution
		{478BBC06-EDF6-45F9-BA23-B35643568FA0}.Debug|x64.ActiveCfg = Debug|x64
		{478BBC06-EDF6-45F9-BA23-B35643568FA0}.Debug|x64.Build.0 = Debug|x64
		{478BBC06-EDF6-45F9-BA23-B35643568FA0}.Debug|x86.ActiveCfg = Debug|Win32
		{478BBC06-EDF6-45F9-BA23-B35643568FA0}.Debug|x86.Build.0 = Debug|Win32
		{478BBC06-EDF6-45F9-BA23-B35643568FA0}.Release|x64.ActiveCfg = Release|x64
		{478BBC06-EDF6-45F9-BA23-B35643568FA0}.Release|x64.Build.0 = Release|x64
		{478BBC06-EDF6-45F9-BA23-B35643568FA0}.Release|x86.ActiveCfg = Release|Win32
		{478BBC06-EDF6-45F9-BA23-B35643568FA0}.Release|x86.Build.0 = Release|Win32
		{21F58F2E-C4BA-4DBA-B16F-86F90B284A0C}.Debug|x64.ActiveCfg = Debug|x64
		{21F58F2E-C4BA-4DBA-B16F-86F90B284A0C}.Debug|x64.Build.0 = Debug|x64
		{21F58F2E-C4BA-4DBA-B16F-86F90B284A0C}.Debug|x86.ActiveCfg = Debug|Win32
		{21F58F2E-C4BA-4DBA-B16F-86F90B284A0C}.Debug|x86.Build.0 = Debug|Win32
		{21F58F2E-C4BA-4DBA-B16F-86F90B284A0C}.Release|x64.ActiveCfg = Release|x64
		{21F58F2E-C4BA-4DBA-B16F-86F90B284A0C}.Release|x64.Build.0 = Release|x64
		{21F58F2E-C4BA-4DBA-B16F-86F90B284A0C}.Release|x86.ActiveCfg = Release|Win32
		{21F58F2E-C4BA-4DBA-B16F-86F90B284A0C}.Release|x86.Build.0 = Release|Win32
	EndGlobalSection
	GlobalSection(SolutionProperties) = preSolution
		HideSolutionNode = FALSE
	EndGlobalSection
	GlobalSection(ExtensibilityGlobals) = postSolution
		SolutionGuid = {D16158FF-8A2B-4B23-ADBB-21EF7B9E5553}
	EndGlobalSection
EndGlobal
